Microsoft Visual Studio Solution File, Format Version 12.00
# Visual Studio Version 17
VisualStudioVersion = 17.8.34330.188
MinimumVisualStudioVersion = 10.0.40219.1
Project("{9A19103F-16F7-4668-BE54-9A1E7A4F7556}") = "DeepSeekPet.Core", "src\DeepSeekPet.Core\DeepSeekPet.Core.csproj", "{8F3A2C1E-4B5D-4E6F-A7B8-C9D0E1F2A3B4}"
EndProject
Project("{9A19103F-16F7-4668-BE54-9A1E7A4F7556}") = "DeepSeekPet.App", "src\DeepSeekPet.App\DeepSeekPet.App.csproj", "{1A2B3C4D-5E6F-7081-92A3-B4C5D6E7F809}"
EndProject
Global
	GlobalSection(SolutionConfigurationPlatforms) = preSolution
		Debug|Any CPU = Debug|Any CPU
		Release|Any CPU = Release|Any CPU
	EndGlobalSection
	GlobalSection(ProjectConfigurationPlatforms) = postSolution
		{8F3A2C1E-4B5D-4E6F-A7B8-C9D0E1F2A3B4}.Debug|Any CPU.ActiveCfg = Debug|Any CPU
		{8F3A2C1E-4B5D-4E6F-A7B8-C9D0E1F2A3B4}.Debug|Any CPU.Build.0 = Debug|Any CPU
		{8F3A2C1E-4B5D-4E6F-A7B8-C9D0E1F2A3B4}.Release|Any CPU.ActiveCfg = Release|Any CPU
		{8F3A2C1E-4B5D-4E6F-A7B8-C9D0E1F2A3B4}.Release|Any CPU.Build.0 = Release|Any CPU
		{1A2B3C4D-5E6F-7081-92A3-B4C5D6E7F809}.Debug|Any CPU.ActiveCfg = Debug|Any CPU
		{1A2B3C4D-5E6F-7081-92A3-B4C5D6E7F809}.Debug|Any CPU.Build.0 = Debug|Any CPU
		{1A2B3C4D-5E6F-7081-92A3-B4C5D6E7F809}.Release|Any CPU.ActiveCfg = Release|Any CPU
		{1A2B3C4D-5E6F-7081-92A3-B4C5D6E7F809}.Release|Any CPU.Build.0 = Release|Any CPU
	EndGlobalSection
EndGlobal
